
Microsoft Visual Studio Solution File, Format Version 12.00
# Visual Studio 2012
Project("{FAE04EC0-301F-11D3-BF4B-00C04F79EFBC}") = "AK.Xamarin.Plugins", "AK.Xamarin.Plugins\AK.Xamarin.Plugins.csproj", "{B1ABC728-E98F-4646-9E6A-F0FE196F6F40}"
EndProject
Project("{FAE04EC0-301F-11D3-BF4B-00C04F79EFBC}") = "AK.Xamarin.Plugins.iOS", "AK.Xamarin.Plugins.iOS\AK.Xamarin.Plugins.iOS.csproj", "{1D246BF5-89DE-47E6-BBE9-3ECBCDB395D9}"
EndProject
Project("{FAE04EC0-301F-11D3-BF4B-00C04F79EFBC}") = "AK.Xamarin.Plugins.Android", "AK.Xamarin.Plugins.Android\AK.Xamarin.Plugins.Android.csproj", "{6CABDDCE-71D4-4EC4-B621-D53409D973C6}"
EndProject
Project("{2150E333-8FDC-42A3-9474-1A3956D46DE8}") = "Sample", "Sample", "{3D845A2D-5D0D-44C7-B22C-CEFB0BDB682B}"
EndProject
Global
	GlobalSection(SolutionConfigurationPlatforms) = preSolution
		Debug|Any CPU = Debug|Any CPU
		Release|Any CPU = Release|Any CPU
		Debug|iPhoneSimulator = Debug|iPhoneSimulator
		Release|iPhone = Release|iPhone
		Release|iPhoneSimulator = Release|iPhoneSimulator
		Debug|iPhone = Debug|iPhone
	EndGlobalSection
	GlobalSection(ProjectConfigurationPlatforms) = postSolution
		{B1ABC728-E98F-4646-9E6A-F0FE196F6F40}.Debug|Any CPU.ActiveCfg = Debug|Any CPU
		{B1ABC728-E98F-4646-9E6A-F0FE196F6F40}.Debug|Any CPU.Build.0 = Debug|Any CPU
		{B1ABC728-E98F-4646-9E6A-F0FE196F6F40}.Release|Any CPU.ActiveCfg = Release|Any CPU
		{B1ABC728-E98F-4646-9E6A-F0FE196F6F40}.Release|Any CPU.Build.0 = Release|Any CPU
		{B1ABC728-E98F-4646-9E6A-F0FE196F6F40}.Debug|iPhoneSimulator.ActiveCfg = Debug|Any CPU
		{B1ABC728-E98F-4646-9E6A-F0FE196F6F40}.Debug|iPhoneSimulator.Build.0 = Debug|Any CPU
		{B1ABC728-E98F-4646-9E6A-F0FE196F6F40}.Release|iPhone.ActiveCfg = Release|Any CPU
		{B1ABC728-E98F-4646-9E6A-F0FE196F6F40}.Release|iPhone.Build.0 = Release|Any CPU
		{B1ABC728-E98F-4646-9E6A-F0FE196F6F40}.Release|iPhoneSimulator.ActiveCfg = Release|Any CPU
		{B1ABC728-E98F-4646-9E6A-F0FE196F6F40}.Release|iPhoneSimulator.Build.0 = Release|Any CPU
		{B1ABC728-E98F-4646-9E6A-F0FE196F6F40}.Debug|iPhone.ActiveCfg = Debug|Any CPU
		{B1ABC728-E98F-4646-9E6A-F0FE196F6F40}.Debug|iPhone.Build.0 = Debug|Any CPU
		{1D246BF5-89DE-47E6-BBE9-3ECBCDB395D9}.Debug|Any CPU.ActiveCfg = Debug|Any CPU
		{1D246BF5-89DE-47E6-BBE9-3ECBCDB395D9}.Debug|Any CPU.Build.0 = Debug|Any CPU
		{1D246BF5-89DE-47E6-BBE9-3ECBCDB395D9}.Release|Any CPU.ActiveCfg = Release|Any CPU
		{1D246BF5-89DE-47E6-BBE9-3ECBCDB395D9}.Release|Any CPU.Build.0 = Release|Any CPU
		{1D246BF5-89DE-47E6-BBE9-3ECBCDB395D9}.Debug|iPhoneSimulator.ActiveCfg = Debug|Any CPU
		{1D246BF5-89DE-47E6-BBE9-3ECBCDB395D9}.Debug|iPhoneSimulator.Build.0 = Debug|Any CPU
		{1D246BF5-89DE-47E6-BBE9-3ECBCDB395D9}.Release|iPhone.ActiveCfg = Release|Any CPU
		{1D246BF5-89DE-47E6-BBE9-3ECBCDB395D9}.Release|iPhone.Build.0 = Release|Any CPU
		{1D246BF5-89DE-47E6-BBE9-3ECBCDB395D9}.Release|iPhoneSimulator.ActiveCfg = Release|Any CPU
		{1D246BF5-89DE-47E6-BBE9-3ECBCDB395D9}.Release|iPhoneSimulator.Build.0 = Release|Any CPU
		{1D246BF5-89DE-47E6-BBE9-3ECBCDB395D9}.Debug|iPhone.ActiveCfg = Debug|Any CPU
		{1D246BF5-89DE-47E6-BBE9-3ECBCDB395D9}.Debug|iPhone.Build.0 = Debug|Any CPU
		{6CABDDCE-71D4-4EC4-B621-D53409D973C6}.Debug|Any CPU.ActiveCfg = Debug|Any CPU
		{6CABDDCE-71D4-4EC4-B621-D53409D973C6}.Debug|Any CPU.Build.0 = Debug|Any CPU
		{6CABDDCE-71D4-4EC4-B621-D53409D973C6}.Release|Any CPU.ActiveCfg = Release|Any CPU
		{6CABDDCE-71D4-4EC4-B621-D53409D973C6}.Release|Any CPU.Build.0 = Release|Any CPU
		{6CABDDCE-71D4-4EC4-B621-D53409D973C6}.Debug|iPhoneSimulator.ActiveCfg = Debug|Any CPU
		{6CABDDCE-71D4-4EC4-B621-D53409D973C6}.Debug|iPhoneSimulator.Build.0 = Debug|Any CPU
		{6CABDDCE-71D4-4EC4-B621-D53409D973C6}.Release|iPhone.ActiveCfg = Release|Any CPU
		{6CABDDCE-71D4-4EC4-B621-D53409D973C6}.Release|iPhone.Build.0 = Release|Any CPU
		{6CABDDCE-71D4-4EC4-B621-D53409D973C6}.Release|iPhoneSimulator.ActiveCfg = Release|Any CPU
		{6CABDDCE-71D4-4EC4-B621-D53409D973C6}.Release|iPhoneSimulator.Build.0 = Release|Any CPU
		{6CABDDCE-71D4-4EC4-B621-D53409D973C6}.Debug|iPhone.ActiveCfg = Debug|Any CPU
		{6CABDDCE-71D4-4EC4-B621-D53409D973C6}.Debug|iPhone.Build.0 = Debug|Any CPU
	EndGlobalSection
	GlobalSection(NestedProjects) = preSolution
	EndGlobalSection
EndGlobal
